// !$*UTF8*$!
{
	archiveVersion = 1;
	classes = {
	};
	objectVersion = 50;
	objects = {

/* Begin PBXBuildFile section */
		E80F01C12177A680007F4158 /* AppDelegate.swift in Sources */ = {isa = PBXBuildFile; fileRef = E80F01C02177A680007F4158 /* AppDelegate.swift */; };
		E80F01C32177A680007F4158 /* MainTabBarController.swift in Sources */ = {isa = PBXBuildFile; fileRef = E80F01C22177A680007F4158 /* MainTabBarController.swift */; };
		E80F01C92177A680007F4158 /* QuickList.xcdatamodeld in Sources */ = {isa = PBXBuildFile; fileRef = E80F01C72177A680007F4158 /* QuickList.xcdatamodeld */; };
		E80F01CB2177A683007F4158 /* Assets.xcassets in Resources */ = {isa = PBXBuildFile; fileRef = E80F01CA2177A683007F4158 /* Assets.xcassets */; };
		E80F01CE2177A683007F4158 /* LaunchScreen.storyboard in Resources */ = {isa = PBXBuildFile; fileRef = E80F01CC2177A683007F4158 /* LaunchScreen.storyboard */; };
		E80F01D62177E18F007F4158 /* ListViewController.swift in Sources */ = {isa = PBXBuildFile; fileRef = E80F01D52177E18F007F4158 /* ListViewController.swift */; };
		E80F01DA2178D125007F4158 /* TextItemViewController.swift in Sources */ = {isa = PBXBuildFile; fileRef = E80F01D92178D125007F4158 /* TextItemViewController.swift */; };
		E81BB54B2183C82E00F19074 /* CameraViewController.swift in Sources */ = {isa = PBXBuildFile; fileRef = E81BB54A2183C82E00F19074 /* CameraViewController.swift */; };
/* End PBXBuildFile section */

/* Begin PBXFileReference section */
		E80F01BD2177A680007F4158 /* QuickList.app */ = {isa = PBXFileReference; explicitFileType = wrapper.application; includeInIndex = 0; path = QuickList.app; sourceTree = BUILT_PRODUCTS_DIR; };
		E80F01C02177A680007F4158 /* AppDelegate.swift */ = {isa = PBXFileReference; lastKnownFileType = sourcecode.swift; path = AppDelegate.swift; sourceTree = "<group>"; };
		E80F01C22177A680007F4158 /* MainTabBarController.swift */ = {isa = PBXFileReference; lastKnownFileType = sourcecode.swift; path = MainTabBarController.swift; sourceTree = "<group>"; };
		E80F01C82177A680007F4158 /* QuickList.xcdatamodel */ = {isa = PBXFileReference; lastKnownFileType = wrapper.xcdatamodel; path = QuickList.xcdatamodel; sourceTree = "<group>"; };
		E80F01CA2177A683007F4158 /* Assets.xcassets */ = {isa = PBXFileReference; lastKnownFileType = folder.assetcatalog; path = Assets.xcassets; sourceTree = "<group>"; };
		E80F01CD2177A683007F4158 /* Base */ = {isa = PBXFileReference; lastKnownFileType = file.storyboard; name = Base; path = Base.lproj/LaunchScreen.storyboard; sourceTree = "<group>"; };
		E80F01CF2177A683007F4158 /* Info.plist */ = {isa = PBXFileReference; lastKnownFileType = text.plist.xml; path = Info.plist; sourceTree = "<group>"; };
		E80F01D52177E18F007F4158 /* ListViewController.swift */ = {isa = PBXFileReference; lastKnownFileType = sourcecode.swift; path = ListViewController.swift; sourceTree = "<group>"; };
		E80F01D92178D125007F4158 /* TextItemViewController.swift */ = {isa = PBXFileReference; lastKnownFileType = sourcecode.swift; path = TextItemViewController.swift; sourceTree = "<group>"; };
		E81BB54A2183C82E00F19074 /* CameraViewController.swift */ = {isa = PBXFileReference; lastKnownFileType = sourcecode.swift; path = CameraViewController.swift; sourceTree = "<group>"; };
/* End PBXFileReference section */

/* Begin PBXFrameworksBuildPhase section */
		E80F01BA2177A680007F4158 /* Frameworks */ = {
			isa = PBXFrameworksBuildPhase;
			buildActionMask = 2147483647;
			files = (
			);
			runOnlyForDeploymentPostprocessing = 0;
		};
/* End PBXFrameworksBuildPhase section */

/* Begin PBXGroup section */
		E80F01B42177A680007F4158 = {
			isa = PBXGroup;
			children = (
				E80F01BF2177A680007F4158 /* QuickList */,
				E80F01BE2177A680007F4158 /* Products */,
			);
			sourceTree = "<group>";
		};
		E80F01BE2177A680007F4158 /* Products */ = {
			isa = PBXGroup;
			children = (
				E80F01BD2177A680007F4158 /* QuickList.app */,
			);
			name = Products;
			sourceTree = "<group>";
		};
		E80F01BF2177A680007F4158 /* QuickList */ = {
			isa = PBXGroup;
			children = (
				E80F01C02177A680007F4158 /* AppDelegate.swift */,
				E80F01C22177A680007F4158 /* MainTabBarController.swift */,
				E80F01D52177E18F007F4158 /* ListViewController.swift */,
				E81BB54A2183C82E00F19074 /* CameraViewController.swift */,
				E80F01D92178D125007F4158 /* TextItemViewController.swift */,
				E80F01CC2177A683007F4158 /* LaunchScreen.storyboard */,
				E80F01CF2177A683007F4158 /* Info.plist */,
				E80F01C72177A680007F4158 /* QuickList.xcdatamodeld */,
				E80F01CA2177A683007F4158 /* Assets.xcassets */,
			);
			path = QuickList;
			sourceTree = "<group>";
		};
/* End PBXGroup section */

/* Begin PBXNativeTarget section */
		E80F01BC2177A680007F4158 /* QuickList */ = {
			isa = PBXNativeTarget;
			buildConfigurationList = E80F01D22177A683007F4158 /* Build configuration list for PBXNativeTarget "QuickList" */;
			buildPhases = (
				E80F01B92177A680007F4158 /* Sources */,
				E80F01BA2177A680007F4158 /* Frameworks */,
				E80F01BB2177A680007F4158 /* Resources */,
			);
			buildRules = (
			);
			dependencies = (
			);
			name = QuickList;
			productName = QuickList;
			productReference = E80F01BD2177A680007F4158 /* QuickList.app */;
			productType = "com.apple.product-type.application";
		};
/* End PBXNativeTarget section */

/* Begin PBXProject section */
		E80F01B52177A680007F4158 /* Project object */ = {
			isa = PBXProject;
			attributes = {
				LastSwiftUpdateCheck = 1000;
				LastUpgradeCheck = 1000;
				ORGANIZATIONNAME = "Greg Alton";
				TargetAttributes = {
					E80F01BC2177A680007F4158 = {
						CreatedOnToolsVersion = 10.0;
					};
				};
			};
			buildConfigurationList = E80F01B82177A680007F4158 /* Build configuration list for PBXProject "QuickList" */;
			compatibilityVersion = "Xcode 9.3";
			developmentRegion = en;
			hasScannedForEncodings = 0;
			knownRegions = (
				en,
				Base,
			);
			mainGroup = E80F01B42177A680007F4158;
			productRefGroup = E80F01BE2177A680007F4158 /* Products */;
			projectDirPath = "";
			projectRoot = "";
			targets = (
				E80F01BC2177A680007F4158 /* QuickList */,
			);
		};
/* End PBXProject section */

/* Begin PBXResourcesBuildPhase section */
		E80F01BB2177A680007F4158 /* Resources */ = {
			isa = PBXResourcesBuildPhase;
			buildActionMask = 2147483647;
			files = (
				E80F01CE2177A683007F4158 /* LaunchScreen.storyboard in Resources */,
				E80F01CB2177A683007F4158 /* Assets.xcassets in Resources */,
			);
			runOnlyForDeploymentPostprocessing = 0;
		};
/* End PBXResourcesBuildPhase section */

/* Begin PBXSourcesBuildPhase section */
		E80F01B92177A680007F4158 /* Sources */ = {
			isa = PBXSourcesBuildPhase;
			buildActionMask = 2147483647;
			files = (
				E80F01DA2178D125007F4158 /* TextItemViewController.swift in Sources */,
				E80F01D62177E18F007F4158 /* ListViewController.swift in Sources */,
				E80F01C32177A680007F4158 /* MainTabBarController.swift in Sources */,
				E80F01C12177A680007F4158 /* AppDelegate.swift in Sources */,
				E80F01C92177A680007F4158 /* QuickList.xcdatamodeld in Sources */,
				E81BB54B2183C82E00F19074 /* CameraViewController.swift in Sources */,
			);
			runOnlyForDeploymentPostprocessing = 0;
		};
/* End PBXSourcesBuildPhase section */

/* Begin PBXVariantGroup section */
		E80F01CC2177A683007F4158 /* LaunchScreen.storyboard */ = {
			isa = PBXVariantGroup;
			children = (
				E80F01CD2177A683007F4158 /* Base */,
			);
			name = LaunchScreen.storyboard;
			sourceTree = "<group>";
		};
/* End PBXVariantGroup section */

/* Begin XCBuildConfiguration section */
		E80F01D02177A683007F4158 /* Debug */ = {
			isa = XCBuildConfiguration;
			buildSettings = {
				ALWAYS_SEARCH_USER_PATHS = NO;
				CLANG_ANALYZER_NONNULL = YES;
				CLANG_ANALYZER_NUMBER_OBJECT_CONVERSION = YES_AGGRESSIVE;
				CLANG_CXX_LANGUAGE_STANDARD = "gnu++14";
				CLANG_CXX_LIBRARY = "libc++";
				CLANG_ENABLE_MODULES = YES;
				CLANG_ENABLE_OBJC_ARC = YES;
				CLANG_ENABLE_OBJC_WEAK = YES;
				CLANG_WARN_BLOCK_CAPTURE_AUTORELEASING = YES;
				CLANG_WARN_BOOL_CONVERSION = YES;
				CLANG_WARN_COMMA = YES;
				CLANG_WARN_CONSTANT_CONVERSION = YES;
				CLANG_WARN_DEPRECATED_OBJC_IMPLEMENTATIONS = YES;
				CLANG_WARN_DIRECT_OBJC_ISA_USAGE = YES_ERROR;
				CLANG_WARN_DOCUMENTATION_COMMENTS = YES;
				CLANG_WARN_EMPTY_BODY = YES;
				CLANG_WARN_ENUM_CONVERSION = YES;
				CLANG_WARN_INFINITE_RECURSION = YES;
				CLANG_WARN_INT_CONVERSION = YES;
				CLANG_WARN_NON_LITERAL_NULL_CONVERSION = YES;
				CLANG_WARN_OBJC_IMPLICIT_RETAIN_SELF = YES;
				CLANG_WARN_OBJC_LITERAL_CONVERSION = YES;
				CLANG_WARN_OBJC_ROOT_CLASS = YES_ERROR;
				CLANG_WARN_RANGE_LOOP_ANALYSIS = YES;
				CLANG_WARN_STRICT_PROTOTYPES = YES;
				CLANG_WARN_SUSPICIOUS_MOVE = YES;
				CLANG_WARN_UNGUARDED_AVAILABILITY = YES_AGGRESSIVE;
				CLANG_WARN_UNREACHABLE_CODE = YES;
				CLANG_WARN__DUPLICATE_METHOD_MATCH = YES;
				CODE_SIGN_IDENTITY = "iPhone Developer";
				COPY_PHASE_STRIP = NO;
				DEBUG_INFORMATION_FORMAT = dwarf;
				ENABLE_STRICT_OBJC_MSGSEND = YES;
				ENABLE_TESTABILITY = YES;
				GCC_C_LANGUAGE_STANDARD = gnu11;
				GCC_DYNAMIC_NO_PIC = NO;
				GCC_NO_COMMON_BLOCKS = YES;
				GCC_OPTIMIZATION_LEVEL = 0;
				GCC_PREPROCESSOR_DEFINITIONS = (
					"DEBUG=1",
					"$(inherited)",
				);
				GCC_WARN_64_TO_32_BIT_CONVERSION = YES;
				GCC_WARN_ABOUT_RETURN_TYPE = YES_ERROR;
				GCC_WARN_UNDECLARED_SELECTOR = YES;
				GCC_WARN_UNINITIALIZED_AUTOS = YES_AGGRESSIVE;
				GCC_WARN_UNUSED_FUNCTION = YES;
				GCC_WARN_UNUSED_VARIABLE = YES;
				IPHONEOS_DEPLOYMENT_TARGET = 12.0;
				MTL_ENABLE_DEBUG_INFO = INCLUDE_SOURCE;
				MTL_FAST_MATH = YES;
				ONLY_ACTIVE_ARCH = YES;
				SDKROOT = iphoneos;
				SWIFT_ACTIVE_COMPILATION_CONDITIONS = DEBUG;
				SWIFT_OPTIMIZATION_LEVEL = "-Onone";
			};
			name = Debug;
		};
		E80F01D12177A683007F4158 /* Release */ = {
			isa = XCBuildConfiguration;
			buildSettings = {
				ALWAYS_SEARCH_USER_PATHS = NO;
				CLANG_ANALYZER_NONNULL = YES;
				CLANG_ANALYZER_NUMBER_OBJECT_CONVERSION = YES_AGGRESSIVE;
				CLANG_CXX_LANGUAGE_STANDARD = "gnu++14";
				CLANG_CXX_LIBRARY = "libc++";
				CLANG_ENABLE_MODULES = YES;
				CLANG_ENABLE_OBJC_ARC = YES;
				CLANG_ENABLE_OBJC_WEAK = YES;
				CLANG_WARN_BLOCK_CAPTURE_AUTORELEASING = YES;
				CLANG_WARN_BOOL_CONVERSION = YES;
				CLANG_WARN_COMMA = YES;
				CLANG_WARN_CONSTANT_CONVERSION = YES;
				CLANG_WARN_DEPRECATED_OBJC_IMPLEMENTATIONS = YES;
				CLANG_WARN_DIRECT_OBJC_ISA_USAGE = YES_ERROR;
				CLANG_WARN_DOCUMENTATION_COMMENTS = YES;
				CLANG_WARN_EMPTY_BODY = YES;
				CLANG_WARN_ENUM_CONVERSION = YES;
				CLANG_WARN_INFINITE_RECURSION = YES;
				CLANG_WARN_INT_CONVERSION = YES;
				CLANG_WARN_NON_LITERAL_NULL_CONVERSION = YES;
				CLANG_WARN_OBJC_IMPLICIT_RETAIN_SELF = YES;
				CLANG_WARN_OBJC_LITERAL_CONVERSION = YES;
				CLANG_WARN_OBJC_ROOT_CLASS = YES_ERROR;
				CLANG_WARN_RANGE_LOOP_ANALYSIS = YES;
				CLANG_WARN_STRICT_PROTOTYPES = YES;
				CLANG_WARN_SUSPICIOUS_MOVE = YES;
				CLANG_WARN_UNGUARDED_AVAILABILITY = YES_AGGRESSIVE;
				CLANG_WARN_UNREACHABLE_CODE = YES;
				CLANG_WARN__DUPLICATE_METHOD_MATCH = YES;
				CODE_SIGN_IDENTITY = "iPhone Developer";
				COPY_PHASE_STRIP = NO;
				DEBUG_INFORMATION_FORMAT = "dwarf-with-dsym";
				ENABLE_NS_ASSERTIONS = NO;
				ENABLE_STRICT_OBJC_MSGSEND = YES;
				GCC_C_LANGUAGE_STANDARD = gnu11;
				GCC_NO_COMMON_BLOCKS = YES;
				GCC_WARN_64_TO_32_BIT_CONVERSION = YES;
				GCC_WARN_ABOUT_RETURN_TYPE = YES_ERROR;
				GCC_WARN_UNDECLARED_SELECTOR = YES;
				GCC_WARN_UNINITIALIZED_AUTOS = YES_AGGRESSIVE;
				GCC_WARN_UNUSED_FUNCTION = YES;
				GCC_WARN_UNUSED_VARIABLE = YES;
				IPHONEOS_DEPLOYMENT_TARGET = 12.0;
				MTL_ENABLE_DEBUG_INFO = NO;
				MTL_FAST_MATH = YES;
				SDKROOT = iphoneos;
				SWIFT_COMPILATION_MODE = wholemodule;
				SWIFT_OPTIMIZATION_LEVEL = "-O";
				VALIDATE_PRODUCT = YES;
			};
			name = Release;
		};
		E80F01D32177A683007F4158 /* Debug */ = {
			isa = XCBuildConfiguration;
			buildSettings = {
				ASSETCATALOG_COMPILER_APPICON_NAME = AppIcon;
				CODE_SIGN_STYLE = Automatic;
				INFOPLIST_FILE = QuickList/Info.plist;
				LD_RUNPATH_SEARCH_PATHS = (
					"$(inherited)",
					"@executable_path/Frameworks",
				);
				PRODUCT_BUNDLE_IDENTIFIER = com.marketingmelody.QuickList;
				PRODUCT_NAME = "$(TARGET_NAME)";
				SWIFT_VERSION = 4.2;
				TARGETED_DEVICE_FAMILY = 1;
			};
			name = Debug;
		};
		E80F01D42177A683007F4158 /* Release */ = {
			isa = XCBuildConfiguration;
			buildSettings = {
				ASSETCATALOG_COMPILER_APPICON_NAME = AppIcon;
				CODE_SIGN_STYLE = Automatic;
				INFOPLIST_FILE = QuickList/Info.plist;
				LD_RUNPATH_SEARCH_PATHS = (
					"$(inherited)",
					"@executable_path/Frameworks",
				);
				PRODUCT_BUNDLE_IDENTIFIER = com.marketingmelody.QuickList;
				PRODUCT_NAME = "$(TARGET_NAME)";
				SWIFT_VERSION = 4.2;
				TARGETED_DEVICE_FAMILY = 1;
			};
			name = Release;
		};
/* End XCBuildConfiguration section */

/* Begin XCConfigurationList section */
		E80F01B82177A680007F4158 /* Build configuration list for PBXProject "QuickList" */ = {
			isa = XCConfigurationList;
			buildConfigurations = (
				E80F01D02177A683007F4158 /* Debug */,
				E80F01D12177A683007F4158 /* Release */,
			);
			defaultConfigurationIsVisible = 0;
			defaultConfigurationName = Release;
		};
		E80F01D22177A683007F4158 /* Build configuration list for PBXNativeTarget "QuickList" */ = {
			isa = XCConfigurationList;
			buildConfigurations = (
				E80F01D32177A683007F4158 /* Debug */,
				E80F01D42177A683007F4158 /* Release */,
			);
			defaultConfigurationIsVisible = 0;
			defaultConfigurationName = Release;
		};
/* End XCConfigurationList section */

/* Begin XCVersionGroup section */
		E80F01C72177A680007F4158 /* QuickList.xcdatamodeld */ = {
			isa = XCVersionGroup;
			children = (
				E80F01C82177A680007F4158 /* QuickList.xcdatamodel */,
			);
			currentVersion = E80F01C82177A680007F4158 /* QuickList.xcdatamodel */;
			path = QuickList.xcdatamodeld;
			sourceTree = "<group>";
			versionGroupType = wrapper.xcdatamodel;
		};
/* End XCVersionGroup section */
	};
	rootObject = E80F01B52177A680007F4158 /* Project object */;
}
